
Microsoft Visual Studio Solution File, Format Version 12.00
# Visual Studio 15
VisualStudioVersion = 15.0.27130.2024
MinimumVisualStudioVersion = 10.0.40219.1
Project("{FAE04EC0-301F-11D3-BF4B-00C04F79EFBC}") = "BloodConnect.Android", "BloodConnect\BloodConnect.Android\BloodConnect.Android.csproj", "{D3729F7C-9C65-4D2C-850F-48F55E4755AA}"
EndProject
Project("{FAE04EC0-301F-11D3-BF4B-00C04F79EFBC}") = "BloodConnect.iOS", "BloodConnect\BloodConnect.iOS\BloodConnect.iOS.csproj", "{9303F7FC-9A5F-45AF-9F98-0534073D4DDE}"
EndProject
Project("{FAE04EC0-301F-11D3-BF4B-00C04F79EFBC}") = "BloodConnect.UWP", "BloodConnect\BloodConnect.UWP\BloodConnect.UWP.csproj", "{304433CC-37D8-414E-87EF-9CE29871D1CF}"
EndProject
Project("{FAE04EC0-301F-11D3-BF4B-00C04F79EFBC}") = "BloodConnect", "BloodConnect\BloodConnect\BloodConnect.csproj", "{ABA842E0-9F01-4D5C-B4E3-A34E314B1A2B}"
EndProject
Global
	GlobalSection(SolutionConfigurationPlatforms) = preSolution
		Ad-Hoc|Any CPU = Ad-Hoc|Any CPU
		Ad-Hoc|ARM = Ad-Hoc|ARM
		Ad-Hoc|iPhone = Ad-Hoc|iPhone
		Ad-Hoc|iPhoneSimulator = Ad-Hoc|iPhoneSimulator
		Ad-Hoc|x64 = Ad-Hoc|x64
		Ad-Hoc|x86 = Ad-Hoc|x86
		AppStore|Any CPU = AppStore|Any CPU
		AppStore|ARM = AppStore|ARM
		AppStore|iPhone = AppStore|iPhone
		AppStore|iPhoneSimulator = AppStore|iPhoneSimulator
		AppStore|x64 = AppStore|x64
		AppStore|x86 = AppStore|x86
		Debug|Any CPU = Debug|Any CPU
		Debug|ARM = Debug|ARM
		Debug|iPhone = Debug|iPhone
		Debug|iPhoneSimulator = Debug|iPhoneSimulator
		Debug|x64 = Debug|x64
		Debug|x86 = Debug|x86
		Release|Any CPU = Release|Any CPU
		Release|ARM = Release|ARM
		Release|iPhone = Release|iPhone
		Release|iPhoneSimulator = Release|iPhoneSimulator
		Release|x64 = Release|x64
		Release|x86 = Release|x86
	EndGlobalSection
	GlobalSection(ProjectConfigurationPlatforms) = postSolution
		{D3729F7C-9C65-4D2C-850F-48F55E4755AA}.Ad-Hoc|Any CPU.ActiveCfg = Release|Any CPU
		{D3729F7C-9C65-4D2C-850F-48F55E4755AA}.Ad-Hoc|Any CPU.Build.0 = Release|Any CPU
		{D3729F7C-9C65-4D2C-850F-48F55E4755AA}.Ad-Hoc|Any CPU.Deploy.0 = Release|Any CPU
		{D3729F7C-9C65-4D2C-850F-48F55E4755AA}.Ad-Hoc|ARM.ActiveCfg = Release|Any CPU
		{D3729F7C-9C65-4D2C-850F-48F55E4755AA}.Ad-Hoc|ARM.Build.0 = Release|Any CPU
		{D3729F7C-9C65-4D2C-850F-48F55E4755AA}.Ad-Hoc|ARM.Deploy.0 = Release|Any CPU
		{D3729F7C-9C65-4D2C-850F-48F55E4755AA}.Ad-Hoc|iPhone.ActiveCfg = Release|Any CPU
		{D3729F7C-9C65-4D2C-850F-48F55E4755AA}.Ad-Hoc|iPhone.Build.0 = Release|Any CPU
		{D3729F7C-9C65-4D2C-850F-48F55E4755AA}.Ad-Hoc|iPhone.Deploy.0 = Release|Any CPU
		{D3729F7C-9C65-4D2C-850F-48F55E4755AA}.Ad-Hoc|iPhoneSimulator.ActiveCfg = Release|Any CPU
		{D3729F7C-9C65-4D2C-850F-48F55E4755AA}.Ad-Hoc|iPhoneSimulator.Build.0 = Release|Any CPU
		{D3729F7C-9C65-4D2C-850F-48F55E4755AA}.Ad-Hoc|iPhoneSimulator.Deploy.0 = Release|Any CPU
		{D3729F7C-9C65-4D2C-850F-48F55E4755AA}.Ad-Hoc|x64.ActiveCfg = Release|Any CPU
		{D3729F7C-9C65-4D2C-850F-48F55E4755AA}.Ad-Hoc|x64.Build.0 = Release|Any CPU
		{D3729F7C-9C65-4D2C-850F-48F55E4755AA}.Ad-Hoc|x64.Deploy.0 = Release|Any CPU
		{D3729F7C-9C65-4D2C-850F-48F55E4755AA}.Ad-Hoc|x86.ActiveCfg = Release|Any CPU
		{D3729F7C-9C65-4D2C-850F-48F55E4755AA}.Ad-Hoc|x86.Build.0 = Release|Any CPU
		{D3729F7C-9C65-4D2C-850F-48F55E4755AA}.Ad-Hoc|x86.Deploy.0 = Release|Any CPU
		{D3729F7C-9C65-4D2C-850F-48F55E4755AA}.AppStore|Any CPU.ActiveCfg = Release|Any CPU
		{D3729F7C-9C65-4D2C-850F-48F55E4755AA}.AppStore|Any CPU.Build.0 = Release|Any CPU
		{D3729F7C-9C65-4D2C-850F-48F55E4755AA}.AppStore|Any CPU.Deploy.0 = Release|Any CPU
		{D3729F7C-9C65-4D2C-850F-48F55E4755AA}.AppStore|ARM.ActiveCfg = Release|Any CPU
		{D3729F7C-9C65-4D2C-850F-48F55E4755AA}.AppStore|ARM.Build.0 = Release|Any CPU
		{D3729F7C-9C65-4D2C-850F-48F55E4755AA}.AppStore|ARM.Deploy.0 = Release|Any CPU
		{D3729F7C-9C65-4D2C-850F-48F55E4755AA}.AppStore|iPhone.ActiveCfg = Release|Any CPU
		{D3729F7C-9C65-4D2C-850F-48F55E4755AA}.AppStore|iPhone.Build.0 = Release|Any CPU
		{D3729F7C-9C65-4D2C-850F-48F55E4755AA}.AppStore|iPhone.Deploy.0 = Release|Any CPU
		{D3729F7C-9C65-4D2C-850F-48F55E4755AA}.AppStore|iPhoneSimulator.ActiveCfg = Release|Any CPU
		{D3729F7C-9C65-4D2C-850F-48F55E4755AA}.AppStore|iPhoneSimulator.Build.0 = Release|Any CPU
		{D3729F7C-9C65-4D2C-850F-48F55E4755AA}.AppStore|iPhoneSimulator.Deploy.0 = Release|Any CPU
		{D3729F7C-9C65-4D2C-850F-48F55E4755AA}.AppStore|x64.ActiveCfg = Release|Any CPU
		{D3729F7C-9C65-4D2C-850F-48F55E4755AA}.AppStore|x64.Build.0 = Release|Any CPU
		{D3729F7C-9C65-4D2C-850F-48F55E4755AA}.AppStore|x64.Deploy.0 = Release|Any CPU
		{D3729F7C-9C65-4D2C-850F-48F55E4755AA}.AppStore|x86.ActiveCfg = Release|Any CPU
		{D3729F7C-9C65-4D2C-850F-48F55E4755AA}.AppStore|x86.Build.0 = Release|Any CPU
		{D3729F7C-9C65-4D2C-850F-48F55E4755AA}.AppStore|x86.Deploy.0 = Release|Any CPU
		{D3729F7C-9C65-4D2C-850F-48F55E4755AA}.Debug|Any CPU.ActiveCfg = Debug|Any CPU
		{D3729F7C-9C65-4D2C-850F-48F55E4755AA}.Debug|Any CPU.Build.0 = Debug|Any CPU
		{D3729F7C-9C65-4D2C-850F-48F55E4755AA}.Debug|Any CPU.Deploy.0 = Debug|Any CPU
		{D3729F7C-9C65-4D2C-850F-48F55E4755AA}.Debug|ARM.ActiveCfg = Debug|Any CPU
		{D3729F7C-9C65-4D2C-850F-48F55E4755AA}.Debug|ARM.Build.0 = Debug|Any CPU
		{D3729F7C-9C65-4D2C-850F-48F55E4755AA}.Debug|ARM.Deploy.0 = Debug|Any CPU
		{D3729F7C-9C65-4D2C-850F-48F55E4755AA}.Debug|iPhone.ActiveCfg = Debug|Any CPU
		{D3729F7C-9C65-4D2C-850F-48F55E4755AA}.Debug|iPhone.Build.0 = Debug|Any CPU
		{D3729F7C-9C65-4D2C-850F-48F55E4755AA}.Debug|iPhone.Deploy.0 = Debug|Any CPU
		{D3729F7C-9C65-4D2C-850F-48F55E4755AA}.Debug|iPhoneSimulator.ActiveCfg = Debug|Any CPU
		{D3729F7C-9C65-4D2C-850F-48F55E4755AA}.Debug|iPhoneSimulator.Build.0 = Debug|Any CPU
		{D3729F7C-9C65-4D2C-850F-48F55E4755AA}.Debug|iPhoneSimulator.Deploy.0 = Debug|Any CPU
		{D3729F7C-9C65-4D2C-850F-48F55E4755AA}.Debug|x64.ActiveCfg = Debug|Any CPU
		{D3729F7C-9C65-4D2C-850F-48F55E4755AA}.Debug|x64.Build.0 = Debug|Any CPU
		{D3729F7C-9C65-4D2C-850F-48F55E4755AA}.Debug|x64.Deploy.0 = Debug|Any CPU
		{D3729F7C-9C65-4D2C-850F-48F55E4755AA}.Debug|x86.ActiveCfg = Debug|Any CPU
		{D3729F7C-9C65-4D2C-850F-48F55E4755AA}.Debug|x86.Build.0 = Debug|Any CPU
		{D3729F7C-9C65-4D2C-850F-48F55E4755AA}.Debug|x86.Deploy.0 = Debug|Any CPU
		{D3729F7C-9C65-4D2C-850F-48F55E4755AA}.Release|Any CPU.ActiveCfg = Release|Any CPU
		{D3729F7C-9C65-4D2C-850F-48F55E4755AA}.Release|Any CPU.Build.0 = Release|Any CPU
		{D3729F7C-9C65-4D2C-850F-48F55E4755AA}.Release|Any CPU.Deploy.0 = Release|Any CPU
		{D3729F7C-9C65-4D2C-850F-48F55E4755AA}.Release|ARM.ActiveCfg = Release|Any CPU
		{D3729F7C-9C65-4D2C-850F-48F55E4755AA}.Release|ARM.Build.0 = Release|Any CPU
		{D3729F7C-9C65-4D2C-850F-48F55E4755AA}.Release|ARM.Deploy.0 = Release|Any CPU
		{D3729F7C-9C65-4D2C-850F-48F55E4755AA}.Release|iPhone.ActiveCfg = Release|Any CPU
		{D3729F7C-9C65-4D2C-850F-48F55E4755AA}.Release|iPhone.Build.0 = Release|Any CPU
		{D3729F7C-9C65-4D2C-850F-48F55E4755AA}.Release|iPhone.Deploy.0 = Release|Any CPU
		{D3729F7C-9C65-4D2C-850F-48F55E4755AA}.Release|iPhoneSimulator.ActiveCfg = Release|Any CPU
		{D3729F7C-9C65-4D2C-850F-48F55E4755AA}.Release|iPhoneSimulator.Build.0 = Release|Any CPU
		{D3729F7C-9C65-4D2C-850F-48F55E4755AA}.Release|iPhoneSimulator.Deploy.0 = Release|Any CPU
		{D3729F7C-9C65-4D2C-850F-48F55E4755AA}.Release|x64.ActiveCfg = Release|Any CPU
		{D3729F7C-9C65-4D2C-850F-48F55E4755AA}.Release|x64.Build.0 = Release|Any CPU
		{D3729F7C-9C65-4D2C-850F-48F55E4755AA}.Release|x64.Deploy.0 = Release|Any CPU
		{D3729F7C-9C65-4D2C-850F-48F55E4755AA}.Release|x86.ActiveCfg = Release|Any CPU
		{D3729F7C-9C65-4D2C-850F-48F55E4755AA}.Release|x86.Build.0 = Release|Any CPU
		{D3729F7C-9C65-4D2C-850F-48F55E4755AA}.Release|x86.Deploy.0 = Release|Any CPU
		{9303F7FC-9A5F-45AF-9F98-0534073D4DDE}.Ad-Hoc|Any CPU.ActiveCfg = Ad-Hoc|iPhone
		{9303F7FC-9A5F-45AF-9F98-0534073D4DDE}.Ad-Hoc|ARM.ActiveCfg = Ad-Hoc|iPhone
		{9303F7FC-9A5F-45AF-9F98-0534073D4DDE}.Ad-Hoc|iPhone.ActiveCfg = Ad-Hoc|iPhone
		{9303F7FC-9A5F-45AF-9F98-0534073D4DDE}.Ad-Hoc|iPhone.Build.0 = Ad-Hoc|iPhone
		{9303F7FC-9A5F-45AF-9F98-0534073D4DDE}.Ad-Hoc|iPhoneSimulator.ActiveCfg = Ad-Hoc|iPhoneSimulator
		{9303F7FC-9A5F-45AF-9F98-0534073D4DDE}.Ad-Hoc|iPhoneSimulator.Build.0 = Ad-Hoc|iPhoneSimulator
		{9303F7FC-9A5F-45AF-9F98-0534073D4DDE}.Ad-Hoc|x64.ActiveCfg = Ad-Hoc|iPhone
		{9303F7FC-9A5F-45AF-9F98-0534073D4DDE}.Ad-Hoc|x86.ActiveCfg = Ad-Hoc|iPhone
		{9303F7FC-9A5F-45AF-9F98-0534073D4DDE}.AppStore|Any CPU.ActiveCfg = AppStore|iPhone
		{9303F7FC-9A5F-45AF-9F98-0534073D4DDE}.AppStore|ARM.ActiveCfg = AppStore|iPhone
		{9303F7FC-9A5F-45AF-9F98-0534073D4DDE}.AppStore|iPhone.ActiveCfg = AppStore|iPhone
		{9303F7FC-9A5F-45AF-9F98-0534073D4DDE}.AppStore|iPhone.Build.0 = AppStore|iPhone
		{9303F7FC-9A5F-45AF-9F98-0534073D4DDE}.AppStore|iPhoneSimulator.ActiveCfg = AppStore|iPhoneSimulator
		{9303F7FC-9A5F-45AF-9F98-0534073D4DDE}.AppStore|iPhoneSimulator.Build.0 = AppStore|iPhoneSimulator
		{9303F7FC-9A5F-45AF-9F98-0534073D4DDE}.AppStore|x64.ActiveCfg = AppStore|iPhone
		{9303F7FC-9A5F-45AF-9F98-0534073D4DDE}.AppStore|x86.ActiveCfg = AppStore|iPhone
		{9303F7FC-9A5F-45AF-9F98-0534073D4DDE}.Debug|Any CPU.ActiveCfg = Debug|iPhone
		{9303F7FC-9A5F-45AF-9F98-0534073D4DDE}.Debug|ARM.ActiveCfg = Debug|iPhone
		{9303F7FC-9A5F-45AF-9F98-0534073D4DDE}.Debug|iPhone.ActiveCfg = Debug|iPhone
		{9303F7FC-9A5F-45AF-9F98-0534073D4DDE}.Debug|iPhone.Build.0 = Debug|iPhone
		{9303F7FC-9A5F-45AF-9F98-0534073D4DDE}.Debug|iPhoneSimulator.ActiveCfg = Debug|iPhoneSimulator
		{9303F7FC-9A5F-45AF-9F98-0534073D4DDE}.Debug|iPhoneSimulator.Build.0 = Debug|iPhoneSimulator
		{9303F7FC-9A5F-45AF-9F98-0534073D4DDE}.Debug|x64.ActiveCfg = Debug|iPhone
		{9303F7FC-9A5F-45AF-9F98-0534073D4DDE}.Debug|x86.ActiveCfg = Debug|iPhone
		{9303F7FC-9A5F-45AF-9F98-0534073D4DDE}.Release|Any CPU.ActiveCfg = Release|iPhone
		{9303F7FC-9A5F-45AF-9F98-0534073D4DDE}.Release|ARM.ActiveCfg = Release|iPhone
		{9303F7FC-9A5F-45AF-9F98-0534073D4DDE}.Release|iPhone.ActiveCfg = Release|iPhone
		{9303F7FC-9A5F-45AF-9F98-0534073D4DDE}.Release|iPhone.Build.0 = Release|iPhone
		{9303F7FC-9A5F-45AF-9F98-0534073D4DDE}.Release|iPhoneSimulator.ActiveCfg = Release|iPhoneSimulator
		{9303F7FC-9A5F-45AF-9F98-0534073D4DDE}.Release|iPhoneSimulator.Build.0 = Release|iPhoneSimulator
		{9303F7FC-9A5F-45AF-9F98-0534073D4DDE}.Release|x64.ActiveCfg = Release|iPhone
		{9303F7FC-9A5F-45AF-9F98-0534073D4DDE}.Release|x86.ActiveCfg = Release|iPhone
		{304433CC-37D8-414E-87EF-9CE29871D1CF}.Ad-Hoc|Any CPU.ActiveCfg = Release|x86
		{304433CC-37D8-414E-87EF-9CE29871D1CF}.Ad-Hoc|Any CPU.Build.0 = Release|x86
		{304433CC-37D8-414E-87EF-9CE29871D1CF}.Ad-Hoc|Any CPU.Deploy.0 = Release|x86
		{304433CC-37D8-414E-87EF-9CE29871D1CF}.Ad-Hoc|ARM.ActiveCfg = Release|ARM
		{304433CC-37D8-414E-87EF-9CE29871D1CF}.Ad-Hoc|ARM.Build.0 = Release|ARM
		{304433CC-37D8-414E-87EF-9CE29871D1CF}.Ad-Hoc|ARM.Deploy.0 = Release|ARM
		{304433CC-37D8-414E-87EF-9CE29871D1CF}.Ad-Hoc|iPhone.ActiveCfg = Release|x86
		{304433CC-37D8-414E-87EF-9CE29871D1CF}.Ad-Hoc|iPhone.Build.0 = Release|x86
		{304433CC-37D8-414E-87EF-9CE29871D1CF}.Ad-Hoc|iPhone.Deploy.0 = Release|x86
		{304433CC-37D8-414E-87EF-9CE29871D1CF}.Ad-Hoc|iPhoneSimulator.ActiveCfg = Release|x86
		{304433CC-37D8-414E-87EF-9CE29871D1CF}.Ad-Hoc|iPhoneSimulator.Build.0 = Release|x86
		{304433CC-37D8-414E-87EF-9CE29871D1CF}.Ad-Hoc|iPhoneSimulator.Deploy.0 = Release|x86
		{304433CC-37D8-414E-87EF-9CE29871D1CF}.Ad-Hoc|x64.ActiveCfg = Release|x64
		{304433CC-37D8-414E-87EF-9CE29871D1CF}.Ad-Hoc|x64.Build.0 = Release|x64
		{304433CC-37D8-414E-87EF-9CE29871D1CF}.Ad-Hoc|x64.Deploy.0 = Release|x64
		{304433CC-37D8-414E-87EF-9CE29871D1CF}.Ad-Hoc|x86.ActiveCfg = Release|x86
		{304433CC-37D8-414E-87EF-9CE29871D1CF}.Ad-Hoc|x86.Build.0 = Release|x86
		{304433CC-37D8-414E-87EF-9CE29871D1CF}.Ad-Hoc|x86.Deploy.0 = Release|x86
		{304433CC-37D8-414E-87EF-9CE29871D1CF}.AppStore|Any CPU.ActiveCfg = Release|x86
		{304433CC-37D8-414E-87EF-9CE29871D1CF}.AppStore|Any CPU.Build.0 = Release|x86
		{304433CC-37D8-414E-87EF-9CE29871D1CF}.AppStore|Any CPU.Deploy.0 = Release|x86
		{304433CC-37D8-414E-87EF-9CE29871D1CF}.AppStore|ARM.ActiveCfg = Release|ARM
		{304433CC-37D8-414E-87EF-9CE29871D1CF}.AppStore|ARM.Build.0 = Release|ARM
		{304433CC-37D8-414E-87EF-9CE29871D1CF}.AppStore|ARM.Deploy.0 = Release|ARM
		{304433CC-37D8-414E-87EF-9CE29871D1CF}.AppStore|iPhone.ActiveCfg = Release|x86
		{304433CC-37D8-414E-87EF-9CE29871D1CF}.AppStore|iPhone.Build.0 = Release|x86
		{304433CC-37D8-414E-87EF-9CE29871D1CF}.AppStore|iPhone.Deploy.0 = Release|x86
		{304433CC-37D8-414E-87EF-9CE29871D1CF}.AppStore|iPhoneSimulator.ActiveCfg = Release|x86
		{304433CC-37D8-414E-87EF-9CE29871D1CF}.AppStore|iPhoneSimulator.Build.0 = Release|x86
		{304433CC-37D8-414E-87EF-9CE29871D1CF}.AppStore|iPhoneSimulator.Deploy.0 = Release|x86
		{304433CC-37D8-414E-87EF-9CE29871D1CF}.AppStore|x64.ActiveCfg = Release|x64
		{304433CC-37D8-414E-87EF-9CE29871D1CF}.AppStore|x64.Build.0 = Release|x64
		{304433CC-37D8-414E-87EF-9CE29871D1CF}.AppStore|x64.Deploy.0 = Release|x64
		{304433CC-37D8-414E-87EF-9CE29871D1CF}.AppStore|x86.ActiveCfg = Release|x86
		{304433CC-37D8-414E-87EF-9CE29871D1CF}.AppStore|x86.Build.0 = Release|x86
		{304433CC-37D8-414E-87EF-9CE29871D1CF}.AppStore|x86.Deploy.0 = Release|x86
		{304433CC-37D8-414E-87EF-9CE29871D1CF}.Debug|Any CPU.ActiveCfg = Debug|x86
		{304433CC-37D8-414E-87EF-9CE29871D1CF}.Debug|ARM.ActiveCfg = Debug|ARM
		{304433CC-37D8-414E-87EF-9CE29871D1CF}.Debug|ARM.Build.0 = Debug|ARM
		{304433CC-37D8-414E-87EF-9CE29871D1CF}.Debug|ARM.Deploy.0 = Debug|ARM
		{304433CC-37D8-414E-87EF-9CE29871D1CF}.Debug|iPhone.ActiveCfg = Debug|x86
		{304433CC-37D8-414E-87EF-9CE29871D1CF}.Debug|iPhoneSimulator.ActiveCfg = Debug|x86
		{304433CC-37D8-414E-87EF-9CE29871D1CF}.Debug|x64.ActiveCfg = Debug|x64
		{304433CC-37D8-414E-87EF-9CE29871D1CF}.Debug|x64.Build.0 = Debug|x64
		{304433CC-37D8-414E-87EF-9CE29871D1CF}.Debug|x64.Deploy.0 = Debug|x64
		{304433CC-37D8-414E-87EF-9CE29871D1CF}.Debug|x86.ActiveCfg = Debug|x86
		{304433CC-37D8-414E-87EF-9CE29871D1CF}.Debug|x86.Build.0 = Debug|x86
		{304433CC-37D8-414E-87EF-9CE29871D1CF}.Debug|x86.Deploy.0 = Debug|x86
		{304433CC-37D8-414E-87EF-9CE29871D1CF}.Release|Any CPU.ActiveCfg = Release|x86
		{304433CC-37D8-414E-87EF-9CE29871D1CF}.Release|ARM.ActiveCfg = Release|ARM
		{304433CC-37D8-414E-87EF-9CE29871D1CF}.Release|ARM.Build.0 = Release|ARM
		{304433CC-37D8-414E-87EF-9CE29871D1CF}.Release|ARM.Deploy.0 = Release|ARM
		{304433CC-37D8-414E-87EF-9CE29871D1CF}.Release|iPhone.ActiveCfg = Release|x86
		{304433CC-37D8-414E-87EF-9CE29871D1CF}.Release|iPhoneSimulator.ActiveCfg = Release|x86
		{304433CC-37D8-414E-87EF-9CE29871D1CF}.Release|x64.ActiveCfg = Release|x64
		{304433CC-37D8-414E-87EF-9CE29871D1CF}.Release|x64.Build.0 = Release|x64
		{304433CC-37D8-414E-87EF-9CE29871D1CF}.Release|x64.Deploy.0 = Release|x64
		{304433CC-37D8-414E-87EF-9CE29871D1CF}.Release|x86.ActiveCfg = Release|x86
		{304433CC-37D8-414E-87EF-9CE29871D1CF}.Release|x86.Build.0 = Release|x86
		{304433CC-37D8-414E-87EF-9CE29871D1CF}.Release|x86.Deploy.0 = Release|x86
		{ABA842E0-9F01-4D5C-B4E3-A34E314B1A2B}.Ad-Hoc|Any CPU.ActiveCfg = Debug|Any CPU
		{ABA842E0-9F01-4D5C-B4E3-A34E314B1A2B}.Ad-Hoc|Any CPU.Build.0 = Debug|Any CPU
		{ABA842E0-9F01-4D5C-B4E3-A34E314B1A2B}.Ad-Hoc|ARM.ActiveCfg = Debug|Any CPU
		{ABA842E0-9F01-4D5C-B4E3-A34E314B1A2B}.Ad-Hoc|ARM.Build.0 = Debug|Any CPU
		{ABA842E0-9F01-4D5C-B4E3-A34E314B1A2B}.Ad-Hoc|iPhone.ActiveCfg = Debug|Any CPU
		{ABA842E0-9F01-4D5C-B4E3-A34E314B1A2B}.Ad-Hoc|iPhone.Build.0 = Debug|Any CPU
		{ABA842E0-9F01-4D5C-B4E3-A34E314B1A2B}.Ad-Hoc|iPhoneSimulator.ActiveCfg = Debug|Any CPU
		{ABA842E0-9F01-4D5C-B4E3-A34E314B1A2B}.Ad-Hoc|iPhoneSimulator.Build.0 = Debug|Any CPU
		{ABA842E0-9F01-4D5C-B4E3-A34E314B1A2B}.Ad-Hoc|x64.ActiveCfg = Debug|Any CPU
		{ABA842E0-9F01-4D5C-B4E3-A34E314B1A2B}.Ad-Hoc|x64.Build.0 = Debug|Any CPU
		{ABA842E0-9F01-4D5C-B4E3-A34E314B1A2B}.Ad-Hoc|x86.ActiveCfg = Debug|Any CPU
		{ABA842E0-9F01-4D5C-B4E3-A34E314B1A2B}.Ad-Hoc|x86.Build.0 = Debug|Any CPU
		{ABA842E0-9F01-4D5C-B4E3-A34E314B1A2B}.AppStore|Any CPU.ActiveCfg = Debug|Any CPU
		{ABA842E0-9F01-4D5C-B4E3-A34E314B1A2B}.AppStore|Any CPU.Build.0 = Debug|Any CPU
		{ABA842E0-9F01-4D5C-B4E3-A34E314B1A2B}.AppStore|ARM.ActiveCfg = Debug|Any CPU
		{ABA842E0-9F01-4D5C-B4E3-A34E314B1A2B}.AppStore|ARM.Build.0 = Debug|Any CPU
		{ABA842E0-9F01-4D5C-B4E3-A34E314B1A2B}.AppStore|iPhone.ActiveCfg = Debug|Any CPU
		{ABA842E0-9F01-4D5C-B4E3-A34E314B1A2B}.AppStore|iPhone.Build.0 = Debug|Any CPU
		{ABA842E0-9F01-4D5C-B4E3-A34E314B1A2B}.AppStore|iPhoneSimulator.ActiveCfg = Debug|Any CPU
		{ABA842E0-9F01-4D5C-B4E3-A34E314B1A2B}.AppStore|iPhoneSimulator.Build.0 = Debug|Any CPU
		{ABA842E0-9F01-4D5C-B4E3-A34E314B1A2B}.AppStore|x64.ActiveCfg = Debug|Any CPU
		{ABA842E0-9F01-4D5C-B4E3-A34E314B1A2B}.AppStore|x64.Build.0 = Debug|Any CPU
		{ABA842E0-9F01-4D5C-B4E3-A34E314B1A2B}.AppStore|x86.ActiveCfg = Debug|Any CPU
		{ABA842E0-9F01-4D5C-B4E3-A34E314B1A2B}.AppStore|x86.Build.0 = Debug|Any CPU
		{ABA842E0-9F01-4D5C-B4E3-A34E314B1A2B}.Debug|Any CPU.ActiveCfg = Debug|Any CPU
		{ABA842E0-9F01-4D5C-B4E3-A34E314B1A2B}.Debug|Any CPU.Build.0 = Debug|Any CPU
		{ABA842E0-9F01-4D5C-B4E3-A34E314B1A2B}.Debug|ARM.ActiveCfg = Debug|Any CPU
		{ABA842E0-9F01-4D5C-B4E3-A34E314B1A2B}.Debug|ARM.Build.0 = Debug|Any CPU
		{ABA842E0-9F01-4D5C-B4E3-A34E314B1A2B}.Debug|iPhone.ActiveCfg = Debug|Any CPU
		{ABA842E0-9F01-4D5C-B4E3-A34E314B1A2B}.Debug|iPhone.Build.0 = Debug|Any CPU
		{ABA842E0-9F01-4D5C-B4E3-A34E314B1A2B}.Debug|iPhoneSimulator.ActiveCfg = Debug|Any CPU
		{ABA842E0-9F01-4D5C-B4E3-A34E314B1A2B}.Debug|iPhoneSimulator.Build.0 = Debug|Any CPU
		{ABA842E0-9F01-4D5C-B4E3-A34E314B1A2B}.Debug|x64.ActiveCfg = Debug|Any CPU
		{ABA842E0-9F01-4D5C-B4E3-A34E314B1A2B}.Debug|x64.Build.0 = Debug|Any CPU
		{ABA842E0-9F01-4D5C-B4E3-A34E314B1A2B}.Debug|x86.ActiveCfg = Debug|Any CPU
		{ABA842E0-9F01-4D5C-B4E3-A34E314B1A2B}.Debug|x86.Build.0 = Debug|Any CPU
		{ABA842E0-9F01-4D5C-B4E3-A34E314B1A2B}.Release|Any CPU.ActiveCfg = Release|Any CPU
		{ABA842E0-9F01-4D5C-B4E3-A34E314B1A2B}.Release|Any CPU.Build.0 = Release|Any CPU
		{ABA842E0-9F01-4D5C-B4E3-A34E314B1A2B}.Release|ARM.ActiveCfg = Release|Any CPU
		{ABA842E0-9F01-4D5C-B4E3-A34E314B1A2B}.Release|ARM.Build.0 = Release|Any CPU
		{ABA842E0-9F01-4D5C-B4E3-A34E314B1A2B}.Release|iPhone.ActiveCfg = Release|Any CPU
		{ABA842E0-9F01-4D5C-B4E3-A34E314B1A2B}.Release|iPhone.Build.0 = Release|Any CPU
		{ABA842E0-9F01-4D5C-B4E3-A34E314B1A2B}.Release|iPhoneSimulator.ActiveCfg = Release|Any CPU
		{ABA842E0-9F01-4D5C-B4E3-A34E314B1A2B}.Release|iPhoneSimulator.Build.0 = Release|Any CPU
		{ABA842E0-9F01-4D5C-B4E3-A34E314B1A2B}.Release|x64.ActiveCfg = Release|Any CPU
		{ABA842E0-9F01-4D5C-B4E3-A34E314B1A2B}.Release|x64.Build.0 = Release|Any CPU
		{ABA842E0-9F01-4D5C-B4E3-A34E314B1A2B}.Release|x86.ActiveCfg = Release|Any CPU
		{ABA842E0-9F01-4D5C-B4E3-A34E314B1A2B}.Release|x86.Build.0 = Release|Any CPU
	EndGlobalSection
	GlobalSection(SolutionProperties) = preSolution
		HideSolutionNode = FALSE
	EndGlobalSection
	GlobalSection(ExtensibilityGlobals) = postSolution
		SolutionGuid = {C2185C68-E212-42EE-8FD7-B82B7C8ACA2D}
	EndGlobalSection
EndGlobal
